// !$*UTF8*$!
{
	archiveVersion = 1;
	classes = {
	};
	objectVersion = 51;
	objects = {

/* Begin PBXAggregateTarget section */
		2C80449F84CF910DF6AD6AFDDE039F2A /* OpenCV */ = {
			isa = PBXAggregateTarget;
			buildConfigurationList = AF6190B337FB4264B844753D51FB17E5 /* Build configuration list for PBXAggregateTarget "OpenCV" */;
			buildPhases = (
			);
			dependencies = (
			);
			name = OpenCV;
		};
/* End PBXAggregateTarget section */

/* Begin PBXBuildFile section */
		224D1F5BD9DAD06744E99318E146F151 /* Foundation.framework in Frameworks */ = {isa = PBXBuildFile; fileRef = 3212113385A8FBBDB272BD23C409FF61 /* Foundation.framework */; };
		D63712C9C9E401152356B067603D5D21 /* Pods-ARChessHelper-umbrella.h in Headers */ = {isa = PBXBuildFile; fileRef = 5921863C64DD75D323C14F8D175A379F /* Pods-ARChessHelper-umbrella.h */; settings = {ATTRIBUTES = (Public, ); }; };
		EF6C8BF53245F987CE3B0464A46393B0 /* Pods-ARChessHelper-dummy.m in Sources */ = {isa = PBXBuildFile; fileRef = 80E942D47B2A50B008979F623D1BA4A5 /* Pods-ARChessHelper-dummy.m */; };
/* End PBXBuildFile section */

/* Begin PBXContainerItemProxy section */
		9AC567BAF7FDE7FBF5435C69C04C6938 /* PBXContainerItemProxy */ = {
			isa = PBXContainerItemProxy;
			containerPortal = BFDFE7DC352907FC980B868725387E98 /* Project object */;
			proxyType = 1;
			remoteGlobalIDString = 2C80449F84CF910DF6AD6AFDDE039F2A;
			remoteInfo = OpenCV;
		};
/* End PBXContainerItemProxy section */

/* Begin PBXFileReference section */
		06FD92BE88A49F801A560B5AA063CC43 /* Pods-ARChessHelper-acknowledgements.plist */ = {isa = PBXFileReference; includeInIndex = 1; lastKnownFileType = text.plist.xml; path = "Pods-ARChessHelper-acknowledgements.plist"; sourceTree = "<group>"; };
		23555E268C6C98D689497A3F43544A02 /* opencv2.framework */ = {isa = PBXFileReference; lastKnownFileType = wrapper.framework; path = opencv2.framework; sourceTree = "<group>"; };
		297E4597F444F08D4521DD22D8170A9A /* Pods-ARChessHelper.release.xcconfig */ = {isa = PBXFileReference; includeInIndex = 1; lastKnownFileType = text.xcconfig; path = "Pods-ARChessHelper.release.xcconfig"; sourceTree = "<group>"; };
		3212113385A8FBBDB272BD23C409FF61 /* Foundation.framework */ = {isa = PBXFileReference; lastKnownFileType = wrapper.framework; name = Foundation.framework; path = Platforms/iPhoneOS.platform/Developer/SDKs/iPhoneOS12.2.sdk/System/Library/Frameworks/Foundation.framework; sourceTree = DEVELOPER_DIR; };
		4DAEDC43CEA89D6EF4D056C893A7B943 /* Pods-ARChessHelper-acknowledgements.markdown */ = {isa = PBXFileReference; includeInIndex = 1; lastKnownFileType = text; path = "Pods-ARChessHelper-acknowledgements.markdown"; sourceTree = "<group>"; };
		5921863C64DD75D323C14F8D175A379F /* Pods-ARChessHelper-umbrella.h */ = {isa = PBXFileReference; includeInIndex = 1; lastKnownFileType = sourcecode.c.h; path = "Pods-ARChessHelper-umbrella.h"; sourceTree = "<group>"; };
		6A439E4E46C78AEB7901C5D54501780F /* Pods-ARChessHelper.modulemap */ = {isa = PBXFileReference; includeInIndex = 1; lastKnownFileType = sourcecode.module; path = "Pods-ARChessHelper.modulemap"; sourceTree = "<group>"; };
		7062332D4256C44B431F94F4B22EAECB /* OpenCV.xcconfig */ = {isa = PBXFileReference; includeInIndex = 1; lastKnownFileType = text.xcconfig; path = OpenCV.xcconfig; sourceTree = "<group>"; };
		80E942D47B2A50B008979F623D1BA4A5 /* Pods-ARChessHelper-dummy.m */ = {isa = PBXFileReference; includeInIndex = 1; lastKnownFileType = sourcecode.c.objc; path = "Pods-ARChessHelper-dummy.m"; sourceTree = "<group>"; };
		985756FFAB49E5FF5A2ECE4A41ADE098 /* Pods-ARChessHelper-Info.plist */ = {isa = PBXFileReference; includeInIndex = 1; lastKnownFileType = text.plist.xml; path = "Pods-ARChessHelper-Info.plist"; sourceTree = "<group>"; };
		9D940727FF8FB9C785EB98E56350EF41 /* Podfile */ = {isa = PBXFileReference; explicitFileType = text.script.ruby; includeInIndex = 1; indentWidth = 2; lastKnownFileType = text; name = Podfile; path = ../Podfile; sourceTree = SOURCE_ROOT; tabWidth = 2; xcLanguageSpecificationIdentifier = xcode.lang.ruby; };
		9FECA09BF21E2031EB4C038138B01FE4 /* Pods-ARChessHelper.debug.xcconfig */ = {isa = PBXFileReference; includeInIndex = 1; lastKnownFileType = text.xcconfig; path = "Pods-ARChessHelper.debug.xcconfig"; sourceTree = "<group>"; };
		B1801B6804F4DD928A4FFF674AA55A31 /* Pods_ARChessHelper.framework */ = {isa = PBXFileReference; explicitFileType = wrapper.framework; includeInIndex = 0; name = Pods_ARChessHelper.framework; path = "Pods-ARChessHelper.framework"; sourceTree = BUILT_PRODUCTS_DIR; };
/* End PBXFileReference section */

/* Begin PBXFrameworksBuildPhase section */
		C638AA68E54E0317443C96E7C272E9C5 /* Frameworks */ = {
			isa = PBXFrameworksBuildPhase;
			buildActionMask = 2147483647;
			files = (
				224D1F5BD9DAD06744E99318E146F151 /* Foundation.framework in Frameworks */,
			);
			runOnlyForDeploymentPostprocessing = 0;
		};
/* End PBXFrameworksBuildPhase section */

/* Begin PBXGroup section */
		05AC75EE77A765080249A11050E9AF36 /* Frameworks */ = {
			isa = PBXGroup;
			children = (
				23555E268C6C98D689497A3F43544A02 /* opencv2.framework */,
			);
			name = Frameworks;
			sourceTree = "<group>";
		};
		28B8D0926183E97259CE7A84876672AE /* OpenCV */ = {
			isa = PBXGroup;
			children = (
				05AC75EE77A765080249A11050E9AF36 /* Frameworks */,
				3C853CBC73C2FB474453B2BC4B4C8FE9 /* Support Files */,
			);
			name = OpenCV;
			path = OpenCV;
			sourceTree = "<group>";
		};
		3C853CBC73C2FB474453B2BC4B4C8FE9 /* Support Files */ = {
			isa = PBXGroup;
			children = (
				7062332D4256C44B431F94F4B22EAECB /* OpenCV.xcconfig */,
			);
			name = "Support Files";
			path = "../Target Support Files/OpenCV";
			sourceTree = "<group>";
		};
		4E57A9C8EEACD71B629E06A1F806D335 /* Targets Support Files */ = {
			isa = PBXGroup;
			children = (
				E437697E654019CA2CB1FA3D6CC052B2 /* Pods-ARChessHelper */,
			);
			name = "Targets Support Files";
			sourceTree = "<group>";
		};
		C0834CEBB1379A84116EF29F93051C60 /* iOS */ = {
			isa = PBXGroup;
			children = (
				3212113385A8FBBDB272BD23C409FF61 /* Foundation.framework */,
			);
			name = iOS;
			sourceTree = "<group>";
		};
		CF1408CF629C7361332E53B88F7BD30C = {
			isa = PBXGroup;
			children = (
				9D940727FF8FB9C785EB98E56350EF41 /* Podfile */,
				D210D550F4EA176C3123ED886F8F87F5 /* Frameworks */,
				CFD032C4A1C123B6A951E0DA40802F05 /* Pods */,
				F63C179C59816D6AC1DF1D554E053B3F /* Products */,
				4E57A9C8EEACD71B629E06A1F806D335 /* Targets Support Files */,
			);
			sourceTree = "<group>";
		};
		CFD032C4A1C123B6A951E0DA40802F05 /* Pods */ = {
			isa = PBXGroup;
			children = (
				28B8D0926183E97259CE7A84876672AE /* OpenCV */,
			);
			name = Pods;
			sourceTree = "<group>";
		};
		D210D550F4EA176C3123ED886F8F87F5 /* Frameworks */ = {
			isa = PBXGroup;
			children = (
				C0834CEBB1379A84116EF29F93051C60 /* iOS */,
			);
			name = Frameworks;
			sourceTree = "<group>";
		};
		E437697E654019CA2CB1FA3D6CC052B2 /* Pods-ARChessHelper */ = {
			isa = PBXGroup;
			children = (
				6A439E4E46C78AEB7901C5D54501780F /* Pods-ARChessHelper.modulemap */,
				4DAEDC43CEA89D6EF4D056C893A7B943 /* Pods-ARChessHelper-acknowledgements.markdown */,
				06FD92BE88A49F801A560B5AA063CC43 /* Pods-ARChessHelper-acknowledgements.plist */,
				80E942D47B2A50B008979F623D1BA4A5 /* Pods-ARChessHelper-dummy.m */,
				985756FFAB49E5FF5A2ECE4A41ADE098 /* Pods-ARChessHelper-Info.plist */,
				5921863C64DD75D323C14F8D175A379F /* Pods-ARChessHelper-umbrella.h */,
				9FECA09BF21E2031EB4C038138B01FE4 /* Pods-ARChessHelper.debug.xcconfig */,
				297E4597F444F08D4521DD22D8170A9A /* Pods-ARChessHelper.release.xcconfig */,
			);
			name = "Pods-ARChessHelper";
			path = "Target Support Files/Pods-ARChessHelper";
			sourceTree = "<group>";
		};
		F63C179C59816D6AC1DF1D554E053B3F /* Products */ = {
			isa = PBXGroup;
			children = (
				B1801B6804F4DD928A4FFF674AA55A31 /* Pods_ARChessHelper.framework */,
			);
			name = Products;
			sourceTree = "<group>";
		};
/* End PBXGroup section */

/* Begin PBXHeadersBuildPhase section */
		FE03872394A7A0DC198B3824B2A6AAA6 /* Headers */ = {
			isa = PBXHeadersBuildPhase;
			buildActionMask = 2147483647;
			files = (
				D63712C9C9E401152356B067603D5D21 /* Pods-ARChessHelper-umbrella.h in Headers */,
			);
			runOnlyForDeploymentPostprocessing = 0;
		};
/* End PBXHeadersBuildPhase section */

/* Begin PBXNativeTarget section */
		A99C59ED0D6541419FD67210F959510C /* Pods-ARChessHelper */ = {
			isa = PBXNativeTarget;
			buildConfigurationList = 2F7DCDFCB67D417A504B895F6192B347 /* Build configuration list for PBXNativeTarget "Pods-ARChessHelper" */;
			buildPhases = (
				FE03872394A7A0DC198B3824B2A6AAA6 /* Headers */,
				D5942BB173D3ED17D28F377C34F574C6 /* Sources */,
				C638AA68E54E0317443C96E7C272E9C5 /* Frameworks */,
				52CF1737E5066BC6F8A731D9D57D1F1A /* Resources */,
			);
			buildRules = (
			);
			dependencies = (
				204C90F5FDFFF5D698C6361D6E1C1CF8 /* PBXTargetDependency */,
			);
			name = "Pods-ARChessHelper";
			productName = "Pods-ARChessHelper";
			productReference = B1801B6804F4DD928A4FFF674AA55A31 /* Pods_ARChessHelper.framework */;
			productType = "com.apple.product-type.framework";
		};
/* End PBXNativeTarget section */

/* Begin PBXProject section */
		BFDFE7DC352907FC980B868725387E98 /* Project object */ = {
			isa = PBXProject;
			attributes = {
				LastSwiftUpdateCheck = 1100;
				LastUpgradeCheck = 1100;
			};
			buildConfigurationList = 4821239608C13582E20E6DA73FD5F1F9 /* Build configuration list for PBXProject "Pods" */;
			compatibilityVersion = "Xcode 10.0";
			developmentRegion = en;
			hasScannedForEncodings = 0;
			knownRegions = (
				en,
			);
			mainGroup = CF1408CF629C7361332E53B88F7BD30C;
			productRefGroup = F63C179C59816D6AC1DF1D554E053B3F /* Products */;
			projectDirPath = "";
			projectRoot = "";
			targets = (
				2C80449F84CF910DF6AD6AFDDE039F2A /* OpenCV */,
				A99C59ED0D6541419FD67210F959510C /* Pods-ARChessHelper */,
			);
		};
/* End PBXProject section */

/* Begin PBXResourcesBuildPhase section */
		52CF1737E5066BC6F8A731D9D57D1F1A /* Resources */ = {
			isa = PBXResourcesBuildPhase;
			buildActionMask = 2147483647;
			files = (
			);
			runOnlyForDeploymentPostprocessing = 0;
		};
/* End PBXResourcesBuildPhase section */

/* Begin PBXSourcesBuildPhase section */
		D5942BB173D3ED17D28F377C34F574C6 /* Sources */ = {
			isa = PBXSourcesBuildPhase;
			buildActionMask = 2147483647;
			files = (
				EF6C8BF53245F987CE3B0464A46393B0 /* Pods-ARChessHelper-dummy.m in Sources */,
			);
			runOnlyForDeploymentPostprocessing = 0;
		};
/* End PBXSourcesBuildPhase section */

/* Begin PBXTargetDependency section */
		204C90F5FDFFF5D698C6361D6E1C1CF8 /* PBXTargetDependency */ = {
			isa = PBXTargetDependency;
			name = OpenCV;
			target = 2C80449F84CF910DF6AD6AFDDE039F2A /* OpenCV */;
			targetProxy = 9AC567BAF7FDE7FBF5435C69C04C6938 /* PBXContainerItemProxy */;
		};
/* End PBXTargetDependency section */

/* Begin XCBuildConfiguration section */
		204B8AEA4AE90A551A1768B355C2F9F0 /* Debug */ = {
			isa = XCBuildConfiguration;
			buildSettings = {
				ALWAYS_SEARCH_USER_PATHS = NO;
				CLANG_ANALYZER_NONNULL = YES;
				CLANG_ANALYZER_NUMBER_OBJECT_CONVERSION = YES_AGGRESSIVE;
				CLANG_CXX_LANGUAGE_STANDARD = "gnu++14";
				CLANG_CXX_LIBRARY = "libc++";
				CLANG_ENABLE_MODULES = YES;
				CLANG_ENABLE_OBJC_ARC = YES;
				CLANG_ENABLE_OBJC_WEAK = YES;
				CLANG_WARN_BLOCK_CAPTURE_AUTORELEASING = YES;
				CLANG_WARN_BOOL_CONVERSION = YES;
				CLANG_WARN_COMMA = YES;
				CLANG_WARN_CONSTANT_CONVERSION = YES;
				CLANG_WARN_DEPRECATED_OBJC_IMPLEMENTATIONS = YES;
				CLANG_WARN_DIRECT_OBJC_ISA_USAGE = YES_ERROR;
				CLANG_WARN_DOCUMENTATION_COMMENTS = YES;
				CLANG_WARN_EMPTY_BODY = YES;
				CLANG_WARN_ENUM_CONVERSION = YES;
				CLANG_WARN_INFINITE_RECURSION = YES;
				CLANG_WARN_INT_CONVERSION = YES;
				CLANG_WARN_NON_LITERAL_NULL_CONVERSION = YES;
				CLANG_WARN_OBJC_IMPLICIT_RETAIN_SELF = YES;
				CLANG_WARN_OBJC_LITERAL_CONVERSION = YES;
				CLANG_WARN_OBJC_ROOT_CLASS = YES_ERROR;
				CLANG_WARN_RANGE_LOOP_ANALYSIS = YES;
				CLANG_WARN_STRICT_PROTOTYPES = YES;
				CLANG_WARN_SUSPICIOUS_MOVE = YES;
				CLANG_WARN_UNGUARDED_AVAILABILITY = YES_AGGRESSIVE;
				CLANG_WARN_UNREACHABLE_CODE = YES;
				CLANG_WARN__DUPLICATE_METHOD_MATCH = YES;
				COPY_PHASE_STRIP = NO;
				DEBUG_INFORMATION_FORMAT = dwarf;
				ENABLE_STRICT_OBJC_MSGSEND = YES;
				ENABLE_TESTABILITY = YES;
				GCC_C_LANGUAGE_STANDARD = gnu11;
				GCC_DYNAMIC_NO_PIC = NO;
				GCC_NO_COMMON_BLOCKS = YES;
				GCC_OPTIMIZATION_LEVEL = 0;
				GCC_PREPROCESSOR_DEFINITIONS = (
					"POD_CONFIGURATION_DEBUG=1",
					"DEBUG=1",
					"$(inherited)",
				);
				GCC_WARN_64_TO_32_BIT_CONVERSION = YES;
				GCC_WARN_ABOUT_RETURN_TYPE = YES_ERROR;
				GCC_WARN_UNDECLARED_SELECTOR = YES;
				GCC_WARN_UNINITIALIZED_AUTOS = YES_AGGRESSIVE;
				GCC_WARN_UNUSED_FUNCTION = YES;
				GCC_WARN_UNUSED_VARIABLE = YES;
				IPHONEOS_DEPLOYMENT_TARGET = 12.2;
				MTL_ENABLE_DEBUG_INFO = INCLUDE_SOURCE;
				MTL_FAST_MATH = YES;
				ONLY_ACTIVE_ARCH = YES;
				PRODUCT_NAME = "$(TARGET_NAME)";
				STRIP_INSTALLED_PRODUCT = NO;
				SWIFT_ACTIVE_COMPILATION_CONDITIONS = DEBUG;
				SWIFT_OPTIMIZATION_LEVEL = "-Onone";
				SWIFT_VERSION = 5.0;
				SYMROOT = "${SRCROOT}/../build";
			};
			name = Debug;
		};
		3CCC6195EDBEE5DA2A49DF962113BE16 /* Release */ = {
			isa = XCBuildConfiguration;
			buildSettings = {
				ALWAYS_SEARCH_USER_PATHS = NO;
				CLANG_ANALYZER_NONNULL = YES;
				CLANG_ANALYZER_NUMBER_OBJECT_CONVERSION = YES_AGGRESSIVE;
				CLANG_CXX_LANGUAGE_STANDARD = "gnu++14";
				CLANG_CXX_LIBRARY = "libc++";
				CLANG_ENABLE_MODULES = YES;
				CLANG_ENABLE_OBJC_ARC = YES;
				CLANG_ENABLE_OBJC_WEAK = YES;
				CLANG_WARN_BLOCK_CAPTURE_AUTORELEASING = YES;
				CLANG_WARN_BOOL_CONVERSION = YES;
				CLANG_WARN_COMMA = YES;
				CLANG_WARN_CONSTANT_CONVERSION = YES;
				CLANG_WARN_DEPRECATED_OBJC_IMPLEMENTATIONS = YES;
				CLANG_WARN_DIRECT_OBJC_ISA_USAGE = YES_ERROR;
				CLANG_WARN_DOCUMENTATION_COMMENTS = YES;
				CLANG_WARN_EMPTY_BODY = YES;
				CLANG_WARN_ENUM_CONVERSION = YES;
				CLANG_WARN_INFINITE_RECURSION = YES;
				CLANG_WARN_INT_CONVERSION = YES;
				CLANG_WARN_NON_LITERAL_NULL_CONVERSION = YES;
				CLANG_WARN_OBJC_IMPLICIT_RETAIN_SELF = YES;
				CLANG_WARN_OBJC_LITERAL_CONVERSION = YES;
				CLANG_WARN_OBJC_ROOT_CLASS = YES_ERROR;
				CLANG_WARN_RANGE_LOOP_ANALYSIS = YES;
				CLANG_WARN_STRICT_PROTOTYPES = YES;
				CLANG_WARN_SUSPICIOUS_MOVE = YES;
				CLANG_WARN_UNGUARDED_AVAILABILITY = YES_AGGRESSIVE;
				CLANG_WARN_UNREACHABLE_CODE = YES;
				CLANG_WARN__DUPLICATE_METHOD_MATCH = YES;
				COPY_PHASE_STRIP = NO;
				DEBUG_INFORMATION_FORMAT = "dwarf-with-dsym";
				ENABLE_NS_ASSERTIONS = NO;
				ENABLE_STRICT_OBJC_MSGSEND = YES;
				GCC_C_LANGUAGE_STANDARD = gnu11;
				GCC_NO_COMMON_BLOCKS = YES;
				GCC_PREPROCESSOR_DEFINITIONS = (
					"POD_CONFIGURATION_RELEASE=1",
					"$(inherited)",
				);
				GCC_WARN_64_TO_32_BIT_CONVERSION = YES;
				GCC_WARN_ABOUT_RETURN_TYPE = YES_ERROR;
				GCC_WARN_UNDECLARED_SELECTOR = YES;
				GCC_WARN_UNINITIALIZED_AUTOS = YES_AGGRESSIVE;
				GCC_WARN_UNUSED_FUNCTION = YES;
				GCC_WARN_UNUSED_VARIABLE = YES;
				IPHONEOS_DEPLOYMENT_TARGET = 12.2;
				MTL_ENABLE_DEBUG_INFO = NO;
				MTL_FAST_MATH = YES;
				PRODUCT_NAME = "$(TARGET_NAME)";
				STRIP_INSTALLED_PRODUCT = NO;
				SWIFT_COMPILATION_MODE = wholemodule;
				SWIFT_OPTIMIZATION_LEVEL = "-O";
				SWIFT_VERSION = 5.0;
				SYMROOT = "${SRCROOT}/../build";
			};
			name = Release;
		};
		580E248EBB0FF78B3DCFB5AA8300D0C6 /* Release */ = {
			isa = XCBuildConfiguration;
			baseConfigurationReference = 7062332D4256C44B431F94F4B22EAECB /* OpenCV.xcconfig */;
			buildSettings = {
				ASSETCATALOG_COMPILER_APPICON_NAME = AppIcon;
				CODE_SIGN_IDENTITY = "iPhone Developer";
				IPHONEOS_DEPLOYMENT_TARGET = 8.0;
				LD_RUNPATH_SEARCH_PATHS = (
					"$(inherited)",
					"@executable_path/Frameworks",
				);
				SDKROOT = iphoneos;
				TARGETED_DEVICE_FAMILY = "1,2";
				VALIDATE_PRODUCT = YES;
			};
			name = Release;
		};
		6BE293B69608AF7D6320B4AB4F6C407A /* Release */ = {
			isa = XCBuildConfiguration;
			baseConfigurationReference = 297E4597F444F08D4521DD22D8170A9A /* Pods-ARChessHelper.release.xcconfig */;
			buildSettings = {
				ALWAYS_EMBED_SWIFT_STANDARD_LIBRARIES = NO;
				CLANG_ENABLE_OBJC_WEAK = NO;
				CODE_SIGN_IDENTITY = "";
				"CODE_SIGN_IDENTITY[sdk=appletvos*]" = "";
				"CODE_SIGN_IDENTITY[sdk=iphoneos*]" = "";
				"CODE_SIGN_IDENTITY[sdk=watchos*]" = "";
				CURRENT_PROJECT_VERSION = 1;
				DEFINES_MODULE = YES;
				DYLIB_COMPATIBILITY_VERSION = 1;
				DYLIB_CURRENT_VERSION = 1;
				DYLIB_INSTALL_NAME_BASE = "@rpath";
				INFOPLIST_FILE = "Target Support Files/Pods-ARChessHelper/Pods-ARChessHelper-Info.plist";
				INSTALL_PATH = "$(LOCAL_LIBRARY_DIR)/Frameworks";
				IPHONEOS_DEPLOYMENT_TARGET = 12.2;
				LD_RUNPATH_SEARCH_PATHS = (
					"$(inherited)",
					"@executable_path/Frameworks",
					"@loader_path/Frameworks",
				);
				MACH_O_TYPE = staticlib;
				MODULEMAP_FILE = "Target Support Files/Pods-ARChessHelper/Pods-ARChessHelper.modulemap";
				OTHER_LDFLAGS = "";
				OTHER_LIBTOOLFLAGS = "";
				PODS_ROOT = "$(SRCROOT)";
				PRODUCT_BUNDLE_IDENTIFIER = "org.cocoapods.${PRODUCT_NAME:rfc1034identifier}";
				PRODUCT_NAME = "$(TARGET_NAME:c99extidentifier)";
				SDKROOT = iphoneos;
				SKIP_INSTALL = YES;
				TARGETED_DEVICE_FAMILY = "1,2";
				VALIDATE_PRODUCT = YES;
				VERSIONING_SYSTEM = "apple-generic";
				VERSION_INFO_PREFIX = "";
			};
			name = Release;
		};
		976FF0495D3D3B9B00BA87465FAE2AAC /* Debug */ = {
			isa = XCBuildConfiguration;
			baseConfigurationReference = 7062332D4256C44B431F94F4B22EAECB /* OpenCV.xcconfig */;
			buildSettings = {
				ASSETCATALOG_COMPILER_APPICON_NAME = AppIcon;
				CODE_SIGN_IDENTITY = "iPhone Developer";
				IPHONEOS_DEPLOYMENT_TARGET = 8.0;
				LD_RUNPATH_SEARCH_PATHS = (
					"$(inherited)",
					"@executable_path/Frameworks",
				);
				SDKROOT = iphoneos;
				TARGETED_DEVICE_FAMILY = "1,2";
			};
			name = Debug;
		};
		C85F99720C7DCBAEC267B6A2DA298A61 /* Debug */ = {
			isa = XCBuildConfiguration;
			baseConfigurationReference = 9FECA09BF21E2031EB4C038138B01FE4 /* Pods-ARChessHelper.debug.xcconfig */;
			buildSettings = {
				ALWAYS_EMBED_SWIFT_STANDARD_LIBRARIES = NO;
				CLANG_ENABLE_OBJC_WEAK = NO;
				CODE_SIGN_IDENTITY = "";
				"CODE_SIGN_IDENTITY[sdk=appletvos*]" = "";
				"CODE_SIGN_IDENTITY[sdk=iphoneos*]" = "";
				"CODE_SIGN_IDENTITY[sdk=watchos*]" = "";
				CURRENT_PROJECT_VERSION = 1;
				DEFINES_MODULE = YES;
				DYLIB_COMPATIBILITY_VERSION = 1;
				DYLIB_CURRENT_VERSION = 1;
				DYLIB_INSTALL_NAME_BASE = "@rpath";
				INFOPLIST_FILE = "Target Support Files/Pods-ARChessHelper/Pods-ARChessHelper-Info.plist";
				INSTALL_PATH = "$(LOCAL_LIBRARY_DIR)/Frameworks";
				IPHONEOS_DEPLOYMENT_TARGET = 12.2;
				LD_RUNPATH_SEARCH_PATHS = (
					"$(inherited)",
					"@executable_path/Frameworks",
					"@loader_path/Frameworks",
				);
				MACH_O_TYPE = staticlib;
				MODULEMAP_FILE = "Target Support Files/Pods-ARChessHelper/Pods-ARChessHelper.modulemap";
				OTHER_LDFLAGS = "";
				OTHER_LIBTOOLFLAGS = "";
				PODS_ROOT = "$(SRCROOT)";
				PRODUCT_BUNDLE_IDENTIFIER = "org.cocoapods.${PRODUCT_NAME:rfc1034identifier}";
				PRODUCT_NAME = "$(TARGET_NAME:c99extidentifier)";
				SDKROOT = iphoneos;
				SKIP_INSTALL = YES;
				TARGETED_DEVICE_FAMILY = "1,2";
				VERSIONING_SYSTEM = "apple-generic";
				VERSION_INFO_PREFIX = "";
			};
			name = Debug;
		};
/* End XCBuildConfiguration section */

/* Begin XCConfigurationList section */
		2F7DCDFCB67D417A504B895F6192B347 /* Build configuration list for PBXNativeTarget "Pods-ARChessHelper" */ = {
			isa = XCConfigurationList;
			buildConfigurations = (
				C85F99720C7DCBAEC267B6A2DA298A61 /* Debug */,
				6BE293B69608AF7D6320B4AB4F6C407A /* Release */,
			);
			defaultConfigurationIsVisible = 0;
			defaultConfigurationName = Release;
		};
		4821239608C13582E20E6DA73FD5F1F9 /* Build configuration list for PBXProject "Pods" */ = {
			isa = XCConfigurationList;
			buildConfigurations = (
				204B8AEA4AE90A551A1768B355C2F9F0 /* Debug */,
				3CCC6195EDBEE5DA2A49DF962113BE16 /* Release */,
			);
			defaultConfigurationIsVisible = 0;
			defaultConfigurationName = Release;
		};
		AF6190B337FB4264B844753D51FB17E5 /* Build configuration list for PBXAggregateTarget "OpenCV" */ = {
			isa = XCConfigurationList;
			buildConfigurations = (
				976FF0495D3D3B9B00BA87465FAE2AAC /* Debug */,
				580E248EBB0FF78B3DCFB5AA8300D0C6 /* Release */,
			);
			defaultConfigurationIsVisible = 0;
			defaultConfigurationName = Release;
		};
/* End XCConfigurationList section */
	};
	rootObject = BFDFE7DC352907FC980B868725387E98 /* Project object */;
}
